{
  "name": "20230926",
  "lockfileVersion": 3,
  "requires": true,
  "packages": {
    "": {
      "dependencies": {
        "reduct": "^3.3.1"
      }
    },
    "node_modules/reduct": {
      "version": "3.3.1",
      "resolved": "https://registry.npmjs.org/reduct/-/reduct-3.3.1.tgz",
      "integrity": "sha512-1OaOZqNczCfns093pnxtvOqe/1fr758JIIHlQkBritMMm3O1aPiDA3Wmj5gDsQjsBqMKB7lYU0BaUHIqLbS5sA=="
    }
  }
}
